
Microsoft Visual Studio Solution File, Format Version 12.00
# Visual Studio 14
VisualStudioVersion = 14.0.25420.1
MinimumVisualStudioVersion = 10.0.40219.1
Project("{2150E333-8FDC-42A3-9474-1A3956D46DE8}") = ".NET4.5", ".NET4.5", "{D49B93D5-6B5C-4043-A862-AFE785DB9CF2}"
EndProject
Project("{FAE04EC0-301F-11D3-BF4B-00C04F79EFBC}") = "Sakura", ".NET4.5\Sakura\Sakura.csproj", "{519C67E2-38BC-4D80-B76E-209C9B37FA4C}"
EndProject
Project("{FAE04EC0-301F-11D3-BF4B-00C04F79EFBC}") = "Sakura.Common", ".NET4.5\Sakura.Common\Sakura.Common.csproj", "{59070AFE-0128-4A20-9D29-A53D26E93406}"
EndProject
Project("{FAE04EC0-301F-11D3-BF4B-00C04F79EFBC}") = "Sakura.Core", ".NET4.5\Sakura.Core\Sakura.Core.csproj", "{0BC50FDE-123D-451A-B294-EA0FB20E3892}"
EndProject
Project("{FAE04EC0-301F-11D3-BF4B-00C04F79EFBC}") = "Sakura.Appearance", ".NET4.5\Sakura.Appearance\Sakura.Appearance.csproj", "{78B309B5-98A1-429F-A2E2-BBFD49AA722E}"
EndProject
Project("{FAE04EC0-301F-11D3-BF4B-00C04F79EFBC}") = "Sakura.Data", ".NET4.5\Sakura.Data\Sakura.Data.csproj", "{869119B4-4092-4BD4-9BA4-DF2E84A566DD}"
EndProject
Project("{FAE04EC0-301F-11D3-BF4B-00C04F79EFBC}") = "Sakura.Applus", ".NET4.5\Sakura.Applus\Sakura.Applus.csproj", "{55176A2A-CA90-43FC-9859-C29BACCFE4FE}"
EndProject
Project("{2150E333-8FDC-42A3-9474-1A3956D46DE8}") = "Contribution", "Contribution", "{91E12AD3-7EA1-4FF0-9B8E-0470B664C2CE}"
EndProject
Project("{FAE04EC0-301F-11D3-BF4B-00C04F79EFBC}") = "Akalib", "..\Contribution\Akalib\.NET4.5\Akalib\Akalib.csproj", "{AC9A53E6-25C0-4465-8F91-671DE8D9573E}"
EndProject
Project("{FAE04EC0-301F-11D3-BF4B-00C04F79EFBC}") = "Akalib.Entity", "..\Contribution\Akalib\.NET4.5\Akalib.Entity\Akalib.Entity.csproj", "{756953CE-A786-4A28-ADD8-6E744633C904}"
EndProject
Project("{FAE04EC0-301F-11D3-BF4B-00C04F79EFBC}") = "Akalib.Wpf", "..\Contribution\Akalib\.NET4.5\Akalib.Wpf\Akalib.Wpf.csproj", "{B55F2D6B-B39F-4431-94D2-BEE0B7AB974E}"
EndProject
Project("{FAE04EC0-301F-11D3-BF4B-00C04F79EFBC}") = "Akalib.Wpf.Mvvm", "..\Contribution\Akalib\.NET4.5\Akalib.Wpf.Mvvm\Akalib.Wpf.Mvvm.csproj", "{3821A2C9-9111-4623-AE66-D9355A5AAA0A}"
EndProject
Project("{FAE04EC0-301F-11D3-BF4B-00C04F79EFBC}") = "QuickZip.UserControls", "..\Contribution\QuickZip.UserControls\QuickZip.UserControls.csproj", "{AED294F4-F7F7-4286-88D0-0122846CA526}"
EndProject
Project("{FAE04EC0-301F-11D3-BF4B-00C04F79EFBC}") = "SVP.CommonLib", "..\SVP.CommonLib\SVP.CommonLib\SVP.CommonLib.csproj", "{C47DC9AB-5F93-4282-ABFE-B1648840087C}"
EndProject
Project("{FAE04EC0-301F-11D3-BF4B-00C04F79EFBC}") = "SVP.ContractInterfaceLib", "..\SVP.ContractInterfaceLib\SVP.ContractInterfaceLib.csproj", "{530E1A0B-E9DB-4158-B072-257B6E1C29B0}"
EndProject
Global
	GlobalSection(SolutionConfigurationPlatforms) = preSolution
		Debug|Any CPU = Debug|Any CPU
		Release|Any CPU = Release|Any CPU
	EndGlobalSection
	GlobalSection(ProjectConfigurationPlatforms) = postSolution
		{519C67E2-38BC-4D80-B76E-209C9B37FA4C}.Debug|Any CPU.ActiveCfg = Debug|Any CPU
		{519C67E2-38BC-4D80-B76E-209C9B37FA4C}.Debug|Any CPU.Build.0 = Debug|Any CPU
		{519C67E2-38BC-4D80-B76E-209C9B37FA4C}.Release|Any CPU.ActiveCfg = Release|Any CPU
		{519C67E2-38BC-4D80-B76E-209C9B37FA4C}.Release|Any CPU.Build.0 = Release|Any CPU
		{59070AFE-0128-4A20-9D29-A53D26E93406}.Debug|Any CPU.ActiveCfg = Debug|Any CPU
		{59070AFE-0128-4A20-9D29-A53D26E93406}.Debug|Any CPU.Build.0 = Debug|Any CPU
		{59070AFE-0128-4A20-9D29-A53D26E93406}.Release|Any CPU.ActiveCfg = Release|Any CPU
		{59070AFE-0128-4A20-9D29-A53D26E93406}.Release|Any CPU.Build.0 = Release|Any CPU
		{0BC50FDE-123D-451A-B294-EA0FB20E3892}.Debug|Any CPU.ActiveCfg = Debug|Any CPU
		{0BC50FDE-123D-451A-B294-EA0FB20E3892}.Debug|Any CPU.Build.0 = Debug|Any CPU
		{0BC50FDE-123D-451A-B294-EA0FB20E3892}.Release|Any CPU.ActiveCfg = Release|Any CPU
		{0BC50FDE-123D-451A-B294-EA0FB20E3892}.Release|Any CPU.Build.0 = Release|Any CPU
		{78B309B5-98A1-429F-A2E2-BBFD49AA722E}.Debug|Any CPU.ActiveCfg = Debug|Any CPU
		{78B309B5-98A1-429F-A2E2-BBFD49AA722E}.Debug|Any CPU.Build.0 = Debug|Any CPU
		{78B309B5-98A1-429F-A2E2-BBFD49AA722E}.Release|Any CPU.ActiveCfg = Release|Any CPU
		{78B309B5-98A1-429F-A2E2-BBFD49AA722E}.Release|Any CPU.Build.0 = Release|Any CPU
		{869119B4-4092-4BD4-9BA4-DF2E84A566DD}.Debug|Any CPU.ActiveCfg = Debug|Any CPU
		{869119B4-4092-4BD4-9BA4-DF2E84A566DD}.Debug|Any CPU.Build.0 = Debug|Any CPU
		{869119B4-4092-4BD4-9BA4-DF2E84A566DD}.Release|Any CPU.ActiveCfg = Release|Any CPU
		{869119B4-4092-4BD4-9BA4-DF2E84A566DD}.Release|Any CPU.Build.0 = Release|Any CPU
		{55176A2A-CA90-43FC-9859-C29BACCFE4FE}.Debug|Any CPU.ActiveCfg = Debug|Any CPU
		{55176A2A-CA90-43FC-9859-C29BACCFE4FE}.Debug|Any CPU.Build.0 = Debug|Any CPU
		{55176A2A-CA90-43FC-9859-C29BACCFE4FE}.Release|Any CPU.ActiveCfg = Release|Any CPU
		{55176A2A-CA90-43FC-9859-C29BACCFE4FE}.Release|Any CPU.Build.0 = Release|Any CPU
		{AC9A53E6-25C0-4465-8F91-671DE8D9573E}.Debug|Any CPU.ActiveCfg = Debug|Any CPU
		{AC9A53E6-25C0-4465-8F91-671DE8D9573E}.Debug|Any CPU.Build.0 = Debug|Any CPU
		{AC9A53E6-25C0-4465-8F91-671DE8D9573E}.Release|Any CPU.ActiveCfg = Release|Any CPU
		{AC9A53E6-25C0-4465-8F91-671DE8D9573E}.Release|Any CPU.Build.0 = Release|Any CPU
		{756953CE-A786-4A28-ADD8-6E744633C904}.Debug|Any CPU.ActiveCfg = Debug|Any CPU
		{756953CE-A786-4A28-ADD8-6E744633C904}.Debug|Any CPU.Build.0 = Debug|Any CPU
		{756953CE-A786-4A28-ADD8-6E744633C904}.Release|Any CPU.ActiveCfg = Release|Any CPU
		{756953CE-A786-4A28-ADD8-6E744633C904}.Release|Any CPU.Build.0 = Release|Any CPU
		{B55F2D6B-B39F-4431-94D2-BEE0B7AB974E}.Debug|Any CPU.ActiveCfg = Debug|Any CPU
		{B55F2D6B-B39F-4431-94D2-BEE0B7AB974E}.Debug|Any CPU.Build.0 = Debug|Any CPU
		{B55F2D6B-B39F-4431-94D2-BEE0B7AB974E}.Release|Any CPU.ActiveCfg = Release|Any CPU
		{B55F2D6B-B39F-4431-94D2-BEE0B7AB974E}.Release|Any CPU.Build.0 = Release|Any CPU
		{3821A2C9-9111-4623-AE66-D9355A5AAA0A}.Debug|Any CPU.ActiveCfg = Debug|Any CPU
		{3821A2C9-9111-4623-AE66-D9355A5AAA0A}.Debug|Any CPU.Build.0 = Debug|Any CPU
		{3821A2C9-9111-4623-AE66-D9355A5AAA0A}.Release|Any CPU.ActiveCfg = Release|Any CPU
		{3821A2C9-9111-4623-AE66-D9355A5AAA0A}.Release|Any CPU.Build.0 = Release|Any CPU
		{AED294F4-F7F7-4286-88D0-0122846CA526}.Debug|Any CPU.ActiveCfg = Debug|Any CPU
		{AED294F4-F7F7-4286-88D0-0122846CA526}.Debug|Any CPU.Build.0 = Debug|Any CPU
		{AED294F4-F7F7-4286-88D0-0122846CA526}.Release|Any CPU.ActiveCfg = Release|Any CPU
		{AED294F4-F7F7-4286-88D0-0122846CA526}.Release|Any CPU.Build.0 = Release|Any CPU
		{C47DC9AB-5F93-4282-ABFE-B1648840087C}.Debug|Any CPU.ActiveCfg = Debug|Any CPU
		{C47DC9AB-5F93-4282-ABFE-B1648840087C}.Debug|Any CPU.Build.0 = Debug|Any CPU
		{C47DC9AB-5F93-4282-ABFE-B1648840087C}.Release|Any CPU.ActiveCfg = Release|Any CPU
		{C47DC9AB-5F93-4282-ABFE-B1648840087C}.Release|Any CPU.Build.0 = Release|Any CPU
		{530E1A0B-E9DB-4158-B072-257B6E1C29B0}.Debug|Any CPU.ActiveCfg = Debug|Any CPU
		{530E1A0B-E9DB-4158-B072-257B6E1C29B0}.Debug|Any CPU.Build.0 = Debug|Any CPU
		{530E1A0B-E9DB-4158-B072-257B6E1C29B0}.Release|Any CPU.ActiveCfg = Release|Any CPU
		{530E1A0B-E9DB-4158-B072-257B6E1C29B0}.Release|Any CPU.Build.0 = Release|Any CPU
	EndGlobalSection
	GlobalSection(SolutionProperties) = preSolution
		HideSolutionNode = FALSE
	EndGlobalSection
	GlobalSection(NestedProjects) = preSolution
		{519C67E2-38BC-4D80-B76E-209C9B37FA4C} = {D49B93D5-6B5C-4043-A862-AFE785DB9CF2}
		{59070AFE-0128-4A20-9D29-A53D26E93406} = {D49B93D5-6B5C-4043-A862-AFE785DB9CF2}
		{0BC50FDE-123D-451A-B294-EA0FB20E3892} = {D49B93D5-6B5C-4043-A862-AFE785DB9CF2}
		{78B309B5-98A1-429F-A2E2-BBFD49AA722E} = {D49B93D5-6B5C-4043-A862-AFE785DB9CF2}
		{869119B4-4092-4BD4-9BA4-DF2E84A566DD} = {D49B93D5-6B5C-4043-A862-AFE785DB9CF2}
		{55176A2A-CA90-43FC-9859-C29BACCFE4FE} = {D49B93D5-6B5C-4043-A862-AFE785DB9CF2}
		{AC9A53E6-25C0-4465-8F91-671DE8D9573E} = {91E12AD3-7EA1-4FF0-9B8E-0470B664C2CE}
		{756953CE-A786-4A28-ADD8-6E744633C904} = {91E12AD3-7EA1-4FF0-9B8E-0470B664C2CE}
		{B55F2D6B-B39F-4431-94D2-BEE0B7AB974E} = {91E12AD3-7EA1-4FF0-9B8E-0470B664C2CE}
		{3821A2C9-9111-4623-AE66-D9355A5AAA0A} = {91E12AD3-7EA1-4FF0-9B8E-0470B664C2CE}
		{AED294F4-F7F7-4286-88D0-0122846CA526} = {91E12AD3-7EA1-4FF0-9B8E-0470B664C2CE}
		{C47DC9AB-5F93-4282-ABFE-B1648840087C} = {91E12AD3-7EA1-4FF0-9B8E-0470B664C2CE}
		{530E1A0B-E9DB-4158-B072-257B6E1C29B0} = {91E12AD3-7EA1-4FF0-9B8E-0470B664C2CE}
	EndGlobalSection
EndGlobal
