
Microsoft Visual Studio Solution File, Format Version 12.00
# Visual Studio 14
VisualStudioVersion = 14.0.25420.1
MinimumVisualStudioVersion = 10.0.40219.1
Project("{FAE04EC0-301F-11D3-BF4B-00C04F79EFBC}") = "Nadesico.Standalone", "Nadesico.Standalone\Nadesico.Standalone.csproj", "{FF1FE469-FDFE-47EF-BFB0-B78E80070DF1}"
EndProject
Project("{2150E333-8FDC-42A3-9474-1A3956D46DE8}") = ".NET4.5", ".NET4.5", "{BCB362E7-B2E4-4692-BEEE-9B25B75297D6}"
EndProject
Project("{FAE04EC0-301F-11D3-BF4B-00C04F79EFBC}") = "Nadesico.Common", ".NET4.5\Nadesico.Common\Nadesico.Common.csproj", "{B184C594-E6C7-4858-9381-D6D61F2A1178}"
EndProject
Project("{FAE04EC0-301F-11D3-BF4B-00C04F79EFBC}") = "Nadesico.Contrib", ".NET4.5\Nadesico.Contrib\Nadesico.Contrib.csproj", "{1C1A28DB-06E1-476C-9151-D2AE2555EABF}"
EndProject
Project("{FAE04EC0-301F-11D3-BF4B-00C04F79EFBC}") = "Nadesico.Core", ".NET4.5\Nadesico.Core\Nadesico.Core.csproj", "{982FCC3F-2FD3-44C0-96CB-8D4C646CBBEC}"
EndProject
Project("{FAE04EC0-301F-11D3-BF4B-00C04F79EFBC}") = "Nadesico.Model", ".NET4.5\Nadesico.Model\Nadesico.Model.csproj", "{42749636-7DA8-4D89-98E7-8FD52375D6D7}"
EndProject
Project("{FAE04EC0-301F-11D3-BF4B-00C04F79EFBC}") = "Nadesico.Gateway", ".NET4.5\Nadesico.Gateway\Nadesico.Gateway.csproj", "{F703E3B9-3591-443D-945F-A7C516334023}"
EndProject
Project("{FAE04EC0-301F-11D3-BF4B-00C04F79EFBC}") = "Nadesico.Activity", ".NET4.5\Nadesico.Activity\Nadesico.Activity.csproj", "{7641C805-BC00-4E6C-98DD-21E7B7CC7683}"
EndProject
Project("{FAE04EC0-301F-11D3-BF4B-00C04F79EFBC}") = "Nadesico.Workflow", ".NET4.5\Nadesico.Workflow\Nadesico.Workflow.csproj", "{607A9DC3-0E39-496B-9924-11E52C6FB3C3}"
EndProject
Project("{FAE04EC0-301F-11D3-BF4B-00C04F79EFBC}") = "Nadesico.Service", ".NET4.5\Nadesico.Service\Nadesico.Service.csproj", "{EE5269D1-4F21-41DE-813E-991ECDDB014E}"
EndProject
Project("{FAE04EC0-301F-11D3-BF4B-00C04F79EFBC}") = "Nadesico", ".NET4.5\Nadesico\Nadesico.csproj", "{7E7ACE6C-2D3C-4D3D-82E9-929BF8C84B17}"
EndProject
Project("{FAE04EC0-301F-11D3-BF4B-00C04F79EFBC}") = "Nadesico.Applus", ".NET4.5\Nadesico.Applus\Nadesico.Applus.csproj", "{AD4684EF-7D59-495D-A4D7-04B04B08DA92}"
EndProject
Project("{2150E333-8FDC-42A3-9474-1A3956D46DE8}") = "Contribution", "Contribution", "{50A4293C-2EC1-416B-AFB3-EAA36B45A876}"
EndProject
Project("{FAE04EC0-301F-11D3-BF4B-00C04F79EFBC}") = "Akalib", "..\Contribution\Akalib\.NET4.5\Akalib\Akalib.csproj", "{AC9A53E6-25C0-4465-8F91-671DE8D9573E}"
EndProject
Project("{FAE04EC0-301F-11D3-BF4B-00C04F79EFBC}") = "Akalib.Entity", "..\Contribution\Akalib\.NET4.5\Akalib.Entity\Akalib.Entity.csproj", "{756953CE-A786-4A28-ADD8-6E744633C904}"
EndProject
Project("{FAE04EC0-301F-11D3-BF4B-00C04F79EFBC}") = "SVP.CommonLib", "..\SVP.CommonLib\SVP.CommonLib\SVP.CommonLib.csproj", "{C47DC9AB-5F93-4282-ABFE-B1648840087C}"
EndProject
Project("{FAE04EC0-301F-11D3-BF4B-00C04F79EFBC}") = "SVP.ContractInterfaceLib", "..\SVP.ContractInterfaceLib\SVP.ContractInterfaceLib.csproj", "{530E1A0B-E9DB-4158-B072-257B6E1C29B0}"
EndProject
Global
	GlobalSection(SolutionConfigurationPlatforms) = preSolution
		Debug|Any CPU = Debug|Any CPU
		Release|Any CPU = Release|Any CPU
	EndGlobalSection
	GlobalSection(ProjectConfigurationPlatforms) = postSolution
		{FF1FE469-FDFE-47EF-BFB0-B78E80070DF1}.Debug|Any CPU.ActiveCfg = Debug|Any CPU
		{FF1FE469-FDFE-47EF-BFB0-B78E80070DF1}.Debug|Any CPU.Build.0 = Debug|Any CPU
		{FF1FE469-FDFE-47EF-BFB0-B78E80070DF1}.Release|Any CPU.ActiveCfg = Release|Any CPU
		{FF1FE469-FDFE-47EF-BFB0-B78E80070DF1}.Release|Any CPU.Build.0 = Release|Any CPU
		{B184C594-E6C7-4858-9381-D6D61F2A1178}.Debug|Any CPU.ActiveCfg = Debug|Any CPU
		{B184C594-E6C7-4858-9381-D6D61F2A1178}.Debug|Any CPU.Build.0 = Debug|Any CPU
		{B184C594-E6C7-4858-9381-D6D61F2A1178}.Release|Any CPU.ActiveCfg = Release|Any CPU
		{B184C594-E6C7-4858-9381-D6D61F2A1178}.Release|Any CPU.Build.0 = Release|Any CPU
		{1C1A28DB-06E1-476C-9151-D2AE2555EABF}.Debug|Any CPU.ActiveCfg = Debug|Any CPU
		{1C1A28DB-06E1-476C-9151-D2AE2555EABF}.Debug|Any CPU.Build.0 = Debug|Any CPU
		{1C1A28DB-06E1-476C-9151-D2AE2555EABF}.Release|Any CPU.ActiveCfg = Release|Any CPU
		{1C1A28DB-06E1-476C-9151-D2AE2555EABF}.Release|Any CPU.Build.0 = Release|Any CPU
		{982FCC3F-2FD3-44C0-96CB-8D4C646CBBEC}.Debug|Any CPU.ActiveCfg = Debug|Any CPU
		{982FCC3F-2FD3-44C0-96CB-8D4C646CBBEC}.Debug|Any CPU.Build.0 = Debug|Any CPU
		{982FCC3F-2FD3-44C0-96CB-8D4C646CBBEC}.Release|Any CPU.ActiveCfg = Release|Any CPU
		{982FCC3F-2FD3-44C0-96CB-8D4C646CBBEC}.Release|Any CPU.Build.0 = Release|Any CPU
		{42749636-7DA8-4D89-98E7-8FD52375D6D7}.Debug|Any CPU.ActiveCfg = Debug|Any CPU
		{42749636-7DA8-4D89-98E7-8FD52375D6D7}.Debug|Any CPU.Build.0 = Debug|Any CPU
		{42749636-7DA8-4D89-98E7-8FD52375D6D7}.Release|Any CPU.ActiveCfg = Release|Any CPU
		{42749636-7DA8-4D89-98E7-8FD52375D6D7}.Release|Any CPU.Build.0 = Release|Any CPU
		{F703E3B9-3591-443D-945F-A7C516334023}.Debug|Any CPU.ActiveCfg = Debug|Any CPU
		{F703E3B9-3591-443D-945F-A7C516334023}.Debug|Any CPU.Build.0 = Debug|Any CPU
		{F703E3B9-3591-443D-945F-A7C516334023}.Release|Any CPU.ActiveCfg = Release|Any CPU
		{F703E3B9-3591-443D-945F-A7C516334023}.Release|Any CPU.Build.0 = Release|Any CPU
		{7641C805-BC00-4E6C-98DD-21E7B7CC7683}.Debug|Any CPU.ActiveCfg = Debug|Any CPU
		{7641C805-BC00-4E6C-98DD-21E7B7CC7683}.Debug|Any CPU.Build.0 = Debug|Any CPU
		{7641C805-BC00-4E6C-98DD-21E7B7CC7683}.Release|Any CPU.ActiveCfg = Release|Any CPU
		{7641C805-BC00-4E6C-98DD-21E7B7CC7683}.Release|Any CPU.Build.0 = Release|Any CPU
		{607A9DC3-0E39-496B-9924-11E52C6FB3C3}.Debug|Any CPU.ActiveCfg = Debug|Any CPU
		{607A9DC3-0E39-496B-9924-11E52C6FB3C3}.Debug|Any CPU.Build.0 = Debug|Any CPU
		{607A9DC3-0E39-496B-9924-11E52C6FB3C3}.Release|Any CPU.ActiveCfg = Release|Any CPU
		{607A9DC3-0E39-496B-9924-11E52C6FB3C3}.Release|Any CPU.Build.0 = Release|Any CPU
		{EE5269D1-4F21-41DE-813E-991ECDDB014E}.Debug|Any CPU.ActiveCfg = Debug|Any CPU
		{EE5269D1-4F21-41DE-813E-991ECDDB014E}.Debug|Any CPU.Build.0 = Debug|Any CPU
		{EE5269D1-4F21-41DE-813E-991ECDDB014E}.Release|Any CPU.ActiveCfg = Release|Any CPU
		{EE5269D1-4F21-41DE-813E-991ECDDB014E}.Release|Any CPU.Build.0 = Release|Any CPU
		{7E7ACE6C-2D3C-4D3D-82E9-929BF8C84B17}.Debug|Any CPU.ActiveCfg = Debug|Any CPU
		{7E7ACE6C-2D3C-4D3D-82E9-929BF8C84B17}.Debug|Any CPU.Build.0 = Debug|Any CPU
		{7E7ACE6C-2D3C-4D3D-82E9-929BF8C84B17}.Release|Any CPU.ActiveCfg = Release|Any CPU
		{7E7ACE6C-2D3C-4D3D-82E9-929BF8C84B17}.Release|Any CPU.Build.0 = Release|Any CPU
		{AD4684EF-7D59-495D-A4D7-04B04B08DA92}.Debug|Any CPU.ActiveCfg = Debug|Any CPU
		{AD4684EF-7D59-495D-A4D7-04B04B08DA92}.Debug|Any CPU.Build.0 = Debug|Any CPU
		{AD4684EF-7D59-495D-A4D7-04B04B08DA92}.Release|Any CPU.ActiveCfg = Release|Any CPU
		{AD4684EF-7D59-495D-A4D7-04B04B08DA92}.Release|Any CPU.Build.0 = Release|Any CPU
		{AC9A53E6-25C0-4465-8F91-671DE8D9573E}.Debug|Any CPU.ActiveCfg = Debug|Any CPU
		{AC9A53E6-25C0-4465-8F91-671DE8D9573E}.Debug|Any CPU.Build.0 = Debug|Any CPU
		{AC9A53E6-25C0-4465-8F91-671DE8D9573E}.Release|Any CPU.ActiveCfg = Release|Any CPU
		{AC9A53E6-25C0-4465-8F91-671DE8D9573E}.Release|Any CPU.Build.0 = Release|Any CPU
		{756953CE-A786-4A28-ADD8-6E744633C904}.Debug|Any CPU.ActiveCfg = Debug|Any CPU
		{756953CE-A786-4A28-ADD8-6E744633C904}.Debug|Any CPU.Build.0 = Debug|Any CPU
		{756953CE-A786-4A28-ADD8-6E744633C904}.Release|Any CPU.ActiveCfg = Release|Any CPU
		{756953CE-A786-4A28-ADD8-6E744633C904}.Release|Any CPU.Build.0 = Release|Any CPU
		{C47DC9AB-5F93-4282-ABFE-B1648840087C}.Debug|Any CPU.ActiveCfg = Debug|Any CPU
		{C47DC9AB-5F93-4282-ABFE-B1648840087C}.Debug|Any CPU.Build.0 = Debug|Any CPU
		{C47DC9AB-5F93-4282-ABFE-B1648840087C}.Release|Any CPU.ActiveCfg = Release|Any CPU
		{C47DC9AB-5F93-4282-ABFE-B1648840087C}.Release|Any CPU.Build.0 = Release|Any CPU
		{530E1A0B-E9DB-4158-B072-257B6E1C29B0}.Debug|Any CPU.ActiveCfg = Debug|Any CPU
		{530E1A0B-E9DB-4158-B072-257B6E1C29B0}.Debug|Any CPU.Build.0 = Debug|Any CPU
		{530E1A0B-E9DB-4158-B072-257B6E1C29B0}.Release|Any CPU.ActiveCfg = Release|Any CPU
		{530E1A0B-E9DB-4158-B072-257B6E1C29B0}.Release|Any CPU.Build.0 = Release|Any CPU
	EndGlobalSection
	GlobalSection(SolutionProperties) = preSolution
		HideSolutionNode = FALSE
	EndGlobalSection
	GlobalSection(NestedProjects) = preSolution
		{B184C594-E6C7-4858-9381-D6D61F2A1178} = {BCB362E7-B2E4-4692-BEEE-9B25B75297D6}
		{1C1A28DB-06E1-476C-9151-D2AE2555EABF} = {BCB362E7-B2E4-4692-BEEE-9B25B75297D6}
		{982FCC3F-2FD3-44C0-96CB-8D4C646CBBEC} = {BCB362E7-B2E4-4692-BEEE-9B25B75297D6}
		{42749636-7DA8-4D89-98E7-8FD52375D6D7} = {BCB362E7-B2E4-4692-BEEE-9B25B75297D6}
		{F703E3B9-3591-443D-945F-A7C516334023} = {BCB362E7-B2E4-4692-BEEE-9B25B75297D6}
		{7641C805-BC00-4E6C-98DD-21E7B7CC7683} = {BCB362E7-B2E4-4692-BEEE-9B25B75297D6}
		{607A9DC3-0E39-496B-9924-11E52C6FB3C3} = {BCB362E7-B2E4-4692-BEEE-9B25B75297D6}
		{EE5269D1-4F21-41DE-813E-991ECDDB014E} = {BCB362E7-B2E4-4692-BEEE-9B25B75297D6}
		{7E7ACE6C-2D3C-4D3D-82E9-929BF8C84B17} = {BCB362E7-B2E4-4692-BEEE-9B25B75297D6}
		{AD4684EF-7D59-495D-A4D7-04B04B08DA92} = {BCB362E7-B2E4-4692-BEEE-9B25B75297D6}
		{AC9A53E6-25C0-4465-8F91-671DE8D9573E} = {50A4293C-2EC1-416B-AFB3-EAA36B45A876}
		{756953CE-A786-4A28-ADD8-6E744633C904} = {50A4293C-2EC1-416B-AFB3-EAA36B45A876}
		{C47DC9AB-5F93-4282-ABFE-B1648840087C} = {50A4293C-2EC1-416B-AFB3-EAA36B45A876}
		{530E1A0B-E9DB-4158-B072-257B6E1C29B0} = {50A4293C-2EC1-416B-AFB3-EAA36B45A876}
	EndGlobalSection
EndGlobal
